// !$*UTF8*$!
{
	archiveVersion = 1;
	classes = {
	};
	objectVersion = 46;
	objects = {

/* Begin PBXBuildFile section */
		EF1FA32E1EB0C12800814F26 /* ELiPS_Fp.c in Sources */ = {isa = PBXBuildFile; fileRef = EF1FA3281EB0C12800814F26 /* ELiPS_Fp.c */; };
		EF1FA32F1EB0C12800814F26 /* ELiPS_Fp2.c in Sources */ = {isa = PBXBuildFile; fileRef = EF1FA32A1EB0C12800814F26 /* ELiPS_Fp2.c */; };
		EF1FA3301EB0C12800814F26 /* ELiPS_Fp4.c in Sources */ = {isa = PBXBuildFile; fileRef = EF1FA32C1EB0C12800814F26 /* ELiPS_Fp4.c */; };
		EF1FA3331EB0CE6600814F26 /* ELiPS_Fp8.c in Sources */ = {isa = PBXBuildFile; fileRef = EF1FA3311EB0CE6600814F26 /* ELiPS_Fp8.c */; };
		EF1FA3361EB0CFC300814F26 /* Fp16.c in Sources */ = {isa = PBXBuildFile; fileRef = EF1FA3341EB0CFC300814F26 /* Fp16.c */; };
		EF1FA3391EB0D22F00814F26 /* EFp.c in Sources */ = {isa = PBXBuildFile; fileRef = EF1FA3371EB0D22F00814F26 /* EFp.c */; };
		EF1FA33C1EB0ED7400814F26 /* EFp2.c in Sources */ = {isa = PBXBuildFile; fileRef = EF1FA33A1EB0ED7400814F26 /* EFp2.c */; };
		EF1FA33F1EB0F7BD00814F26 /* EFp4.c in Sources */ = {isa = PBXBuildFile; fileRef = EF1FA33D1EB0F7BD00814F26 /* EFp4.c */; };
		EF1FA3441EB108B000814F26 /* EFp8.c in Sources */ = {isa = PBXBuildFile; fileRef = EF1FA3421EB108B000814F26 /* EFp8.c */; };
		EF1FA3471EB12E8100814F26 /* EFp16.c in Sources */ = {isa = PBXBuildFile; fileRef = EF1FA3451EB12E8100814F26 /* EFp16.c */; };
		EF1FA34A1EB136A500814F26 /* KSS16_Find_Params.c in Sources */ = {isa = PBXBuildFile; fileRef = EF1FA3481EB136A500814F26 /* KSS16_Find_Params.c */; };
		EF1FA34D1EB1809B00814F26 /* Line_evaluation.c in Sources */ = {isa = PBXBuildFile; fileRef = EF1FA34B1EB1809B00814F26 /* Line_evaluation.c */; };
		EF1FA3501EB1823B00814F26 /* Millers_Algo.c in Sources */ = {isa = PBXBuildFile; fileRef = EF1FA34E1EB1823B00814F26 /* Millers_Algo.c */; };
		EF1FA3531EB182C300814F26 /* KSS16_Optimal_Millers_Algo.c in Sources */ = {isa = PBXBuildFile; fileRef = EF1FA3511EB182C300814F26 /* KSS16_Optimal_Millers_Algo.c */; };
		EF1FA3561EB1847100814F26 /* KSS16_Final_Exp.c in Sources */ = {isa = PBXBuildFile; fileRef = EF1FA3541EB1847100814F26 /* KSS16_Final_Exp.c */; };
		EF1FA3591EB1855C00814F26 /* Tate_Pairing.c in Sources */ = {isa = PBXBuildFile; fileRef = EF1FA3571EB1855C00814F26 /* Tate_Pairing.c */; };
		EF1FA35C1EB185ED00814F26 /* Test_Pairings.c in Sources */ = {isa = PBXBuildFile; fileRef = EF1FA35A1EB185ED00814F26 /* Test_Pairings.c */; };
		EF1FA35F1EB18B9000814F26 /* Ate_Pairing.c in Sources */ = {isa = PBXBuildFile; fileRef = EF1FA35D1EB18B9000814F26 /* Ate_Pairing.c */; };
		EF1FA3621EB18C6C00814F26 /* KSS16_Opt_Ate.c in Sources */ = {isa = PBXBuildFile; fileRef = EF1FA3601EB18C6C00814F26 /* KSS16_Opt_Ate.c */; };
		EF1FA3651EB1959700814F26 /* KSS16_Sparse7_Line_Evaluation.c in Sources */ = {isa = PBXBuildFile; fileRef = EF1FA3631EB1959700814F26 /* KSS16_Sparse7_Line_Evaluation.c */; };
		EF1FA3681EB19A9E00814F26 /* KSS16_Sparse7_Miller.c in Sources */ = {isa = PBXBuildFile; fileRef = EF1FA3661EB19A9E00814F26 /* KSS16_Sparse7_Miller.c */; };
		EF1FA36B1EB19B3700814F26 /* KSS16_Sparse7_Opt_Miller.c in Sources */ = {isa = PBXBuildFile; fileRef = EF1FA3691EB19B3700814F26 /* KSS16_Sparse7_Opt_Miller.c */; };
		EF1FA36E1EB19CCC00814F26 /* KSS16_Sparse7_Ate.c in Sources */ = {isa = PBXBuildFile; fileRef = EF1FA36C1EB19CCC00814F26 /* KSS16_Sparse7_Ate.c */; };
		EF1FA3711EB1A04700814F26 /* KSS16_Sparse7_Opt_Ate.c in Sources */ = {isa = PBXBuildFile; fileRef = EF1FA36F1EB1A04700814F26 /* KSS16_Sparse7_Opt_Ate.c */; };
		EF1FA3741EB1A23A00814F26 /* KSS16_PS_Line_Evaluation.c in Sources */ = {isa = PBXBuildFile; fileRef = EF1FA3721EB1A23A00814F26 /* KSS16_PS_Line_Evaluation.c */; };
		EF1FA3771EB1A63800814F26 /* KSS16_PS_Miller.c in Sources */ = {isa = PBXBuildFile; fileRef = EF1FA3751EB1A63800814F26 /* KSS16_PS_Miller.c */; };
		EF1FA37A1EB1A65C00814F26 /* KSS16_PS_Opt_Miller.c in Sources */ = {isa = PBXBuildFile; fileRef = EF1FA3781EB1A65C00814F26 /* KSS16_PS_Opt_Miller.c */; };
		EF1FA37D1EB1A68A00814F26 /* KSS16_PS_Ate.c in Sources */ = {isa = PBXBuildFile; fileRef = EF1FA37B1EB1A68A00814F26 /* KSS16_PS_Ate.c */; };
		EF1FA3801EB1A6A900814F26 /* KSS16_PS_Opt_Ate.c in Sources */ = {isa = PBXBuildFile; fileRef = EF1FA37E1EB1A6A900814F26 /* KSS16_PS_Opt_Ate.c */; };
		EF1FA3831EB1F8F800814F26 /* KSS16_init.c in Sources */ = {isa = PBXBuildFile; fileRef = EF1FA3811EB1F8F800814F26 /* KSS16_init.c */; };
		EF90C8CF1EB03A9B00F008F0 /* main.c in Sources */ = {isa = PBXBuildFile; fileRef = EF90C8CE1EB03A9B00F008F0 /* main.c */; };
		EF90C8D61EB03C2100F008F0 /* libgmp.a in Frameworks */ = {isa = PBXBuildFile; fileRef = EF90C8D51EB03C2100F008F0 /* libgmp.a */; };
		EFA241FB1EB077F300036D7D /* ELiPS_KSS16_Settings.c in Sources */ = {isa = PBXBuildFile; fileRef = EFA241F91EB077F300036D7D /* ELiPS_KSS16_Settings.c */; };
/* End PBXBuildFile section */

/* Begin PBXCopyFilesBuildPhase section */
		EF90C8C91EB03A9B00F008F0 /* CopyFiles */ = {
			isa = PBXCopyFilesBuildPhase;
			buildActionMask = 2147483647;
			dstPath = /usr/share/man/man1/;
			dstSubfolderSpec = 0;
			files = (
			);
			runOnlyForDeploymentPostprocessing = 1;
		};
/* End PBXCopyFilesBuildPhase section */

/* Begin PBXFileReference section */
		EF1FA3281EB0C12800814F26 /* ELiPS_Fp.c */ = {isa = PBXFileReference; fileEncoding = 4; lastKnownFileType = sourcecode.c.c; path = ELiPS_Fp.c; sourceTree = "<group>"; };
		EF1FA3291EB0C12800814F26 /* ELiPS_Fp.h */ = {isa = PBXFileReference; fileEncoding = 4; lastKnownFileType = sourcecode.c.h; path = ELiPS_Fp.h; sourceTree = "<group>"; };
		EF1FA32A1EB0C12800814F26 /* ELiPS_Fp2.c */ = {isa = PBXFileReference; fileEncoding = 4; lastKnownFileType = sourcecode.c.c; path = ELiPS_Fp2.c; sourceTree = "<group>"; };
		EF1FA32B1EB0C12800814F26 /* ELiPS_Fp2.h */ = {isa = PBXFileReference; fileEncoding = 4; lastKnownFileType = sourcecode.c.h; path = ELiPS_Fp2.h; sourceTree = "<group>"; };
		EF1FA32C1EB0C12800814F26 /* ELiPS_Fp4.c */ = {isa = PBXFileReference; fileEncoding = 4; lastKnownFileType = sourcecode.c.c; path = ELiPS_Fp4.c; sourceTree = "<group>"; };
		EF1FA32D1EB0C12800814F26 /* ELiPS_Fp4.h */ = {isa = PBXFileReference; fileEncoding = 4; lastKnownFileType = sourcecode.c.h; path = ELiPS_Fp4.h; sourceTree = "<group>"; };
		EF1FA3311EB0CE6600814F26 /* ELiPS_Fp8.c */ = {isa = PBXFileReference; fileEncoding = 4; lastKnownFileType = sourcecode.c.c; path = ELiPS_Fp8.c; sourceTree = "<group>"; };
		EF1FA3321EB0CE6600814F26 /* ELiPS_Fp8.h */ = {isa = PBXFileReference; fileEncoding = 4; lastKnownFileType = sourcecode.c.h; path = ELiPS_Fp8.h; sourceTree = "<group>"; };
		EF1FA3341EB0CFC300814F26 /* Fp16.c */ = {isa = PBXFileReference; fileEncoding = 4; lastKnownFileType = sourcecode.c.c; path = Fp16.c; sourceTree = "<group>"; };
		EF1FA3351EB0CFC300814F26 /* ELiPS_Fp16.h */ = {isa = PBXFileReference; fileEncoding = 4; lastKnownFileType = sourcecode.c.h; path = ELiPS_Fp16.h; sourceTree = "<group>"; };
		EF1FA3371EB0D22F00814F26 /* EFp.c */ = {isa = PBXFileReference; fileEncoding = 4; lastKnownFileType = sourcecode.c.c; lineEnding = 0; path = EFp.c; sourceTree = "<group>"; xcLanguageSpecificationIdentifier = xcode.lang.c; };
		EF1FA3381EB0D22F00814F26 /* ELiPS_EFp.h */ = {isa = PBXFileReference; fileEncoding = 4; lastKnownFileType = sourcecode.c.h; lineEnding = 0; path = ELiPS_EFp.h; sourceTree = "<group>"; xcLanguageSpecificationIdentifier = xcode.lang.objcpp; };
		EF1FA33A1EB0ED7400814F26 /* EFp2.c */ = {isa = PBXFileReference; fileEncoding = 4; lastKnownFileType = sourcecode.c.c; lineEnding = 0; path = EFp2.c; sourceTree = "<group>"; xcLanguageSpecificationIdentifier = xcode.lang.c; };
		EF1FA33B1EB0ED7400814F26 /* ELiPS_EFp2.h */ = {isa = PBXFileReference; fileEncoding = 4; lastKnownFileType = sourcecode.c.h; lineEnding = 0; path = ELiPS_EFp2.h; sourceTree = "<group>"; xcLanguageSpecificationIdentifier = xcode.lang.objcpp; };
		EF1FA33D1EB0F7BD00814F26 /* EFp4.c */ = {isa = PBXFileReference; fileEncoding = 4; lastKnownFileType = sourcecode.c.c; lineEnding = 0; path = EFp4.c; sourceTree = "<group>"; xcLanguageSpecificationIdentifier = xcode.lang.c; };
		EF1FA33E1EB0F7BD00814F26 /* ELiPS_EFp4.h */ = {isa = PBXFileReference; fileEncoding = 4; lastKnownFileType = sourcecode.c.h; lineEnding = 0; path = ELiPS_EFp4.h; sourceTree = "<group>"; xcLanguageSpecificationIdentifier = xcode.lang.objcpp; };
		EF1FA3421EB108B000814F26 /* EFp8.c */ = {isa = PBXFileReference; fileEncoding = 4; lastKnownFileType = sourcecode.c.c; lineEnding = 0; path = EFp8.c; sourceTree = "<group>"; xcLanguageSpecificationIdentifier = xcode.lang.c; };
		EF1FA3431EB108B000814F26 /* ELiPS_EFp8.h */ = {isa = PBXFileReference; fileEncoding = 4; lastKnownFileType = sourcecode.c.h; lineEnding = 0; path = ELiPS_EFp8.h; sourceTree = "<group>"; xcLanguageSpecificationIdentifier = xcode.lang.objcpp; };
		EF1FA3451EB12E8100814F26 /* EFp16.c */ = {isa = PBXFileReference; fileEncoding = 4; lastKnownFileType = sourcecode.c.c; lineEnding = 0; path = EFp16.c; sourceTree = "<group>"; xcLanguageSpecificationIdentifier = xcode.lang.c; };
		EF1FA3461EB12E8100814F26 /* ELiPS_EFp16.h */ = {isa = PBXFileReference; fileEncoding = 4; lastKnownFileType = sourcecode.c.h; lineEnding = 0; path = ELiPS_EFp16.h; sourceTree = "<group>"; xcLanguageSpecificationIdentifier = xcode.lang.objcpp; };
		EF1FA3481EB136A500814F26 /* KSS16_Find_Params.c */ = {isa = PBXFileReference; fileEncoding = 4; lastKnownFileType = sourcecode.c.c; lineEnding = 0; path = KSS16_Find_Params.c; sourceTree = "<group>"; xcLanguageSpecificationIdentifier = xcode.lang.c; };
		EF1FA3491EB136A500814F26 /* ELiPS_KSS16_Params.h */ = {isa = PBXFileReference; fileEncoding = 4; lastKnownFileType = sourcecode.c.h; lineEnding = 0; path = ELiPS_KSS16_Params.h; sourceTree = "<group>"; xcLanguageSpecificationIdentifier = xcode.lang.objcpp; };
		EF1FA34B1EB1809B00814F26 /* Line_evaluation.c */ = {isa = PBXFileReference; fileEncoding = 4; lastKnownFileType = sourcecode.c.c; lineEnding = 0; path = Line_evaluation.c; sourceTree = "<group>"; xcLanguageSpecificationIdentifier = xcode.lang.c; };
		EF1FA34C1EB1809B00814F26 /* ELiPS_KSS16_Line_Evaluation.h */ = {isa = PBXFileReference; fileEncoding = 4; lastKnownFileType = sourcecode.c.h; lineEnding = 0; path = ELiPS_KSS16_Line_Evaluation.h; sourceTree = "<group>"; xcLanguageSpecificationIdentifier = xcode.lang.objcpp; };
		EF1FA34E1EB1823B00814F26 /* Millers_Algo.c */ = {isa = PBXFileReference; fileEncoding = 4; lastKnownFileType = sourcecode.c.c; lineEnding = 0; path = Millers_Algo.c; sourceTree = "<group>"; xcLanguageSpecificationIdentifier = xcode.lang.c; };
		EF1FA34F1EB1823B00814F26 /* ELiPS_KSS16_Millers_Algo.h */ = {isa = PBXFileReference; fileEncoding = 4; lastKnownFileType = sourcecode.c.h; path = ELiPS_KSS16_Millers_Algo.h; sourceTree = "<group>"; };
		EF1FA3511EB182C300814F26 /* KSS16_Optimal_Millers_Algo.c */ = {isa = PBXFileReference; fileEncoding = 4; lastKnownFileType = sourcecode.c.c; lineEnding = 0; path = KSS16_Optimal_Millers_Algo.c; sourceTree = "<group>"; xcLanguageSpecificationIdentifier = xcode.lang.c; };
		EF1FA3521EB182C300814F26 /* ELiPS_KSS16_Optimal_Millers_Algo.h */ = {isa = PBXFileReference; fileEncoding = 4; lastKnownFileType = sourcecode.c.h; lineEnding = 0; path = ELiPS_KSS16_Optimal_Millers_Algo.h; sourceTree = "<group>"; xcLanguageSpecificationIdentifier = xcode.lang.objcpp; };
		EF1FA3541EB1847100814F26 /* KSS16_Final_Exp.c */ = {isa = PBXFileReference; fileEncoding = 4; lastKnownFileType = sourcecode.c.c; lineEnding = 0; path = KSS16_Final_Exp.c; sourceTree = "<group>"; xcLanguageSpecificationIdentifier = xcode.lang.c; };
		EF1FA3551EB1847100814F26 /* ELiPS_KSS16_Final_Exp.h */ = {isa = PBXFileReference; fileEncoding = 4; lastKnownFileType = sourcecode.c.h; lineEnding = 0; path = ELiPS_KSS16_Final_Exp.h; sourceTree = "<group>"; xcLanguageSpecificationIdentifier = xcode.lang.objcpp; };
		EF1FA3571EB1855C00814F26 /* Tate_Pairing.c */ = {isa = PBXFileReference; fileEncoding = 4; lastKnownFileType = sourcecode.c.c; lineEnding = 0; path = Tate_Pairing.c; sourceTree = "<group>"; xcLanguageSpecificationIdentifier = xcode.lang.c; };
		EF1FA3581EB1855C00814F26 /* ELiPS_KSS16_Tate_Pairing.h */ = {isa = PBXFileReference; fileEncoding = 4; lastKnownFileType = sourcecode.c.h; lineEnding = 0; path = ELiPS_KSS16_Tate_Pairing.h; sourceTree = "<group>"; xcLanguageSpecificationIdentifier = xcode.lang.objcpp; };
		EF1FA35A1EB185ED00814F26 /* Test_Pairings.c */ = {isa = PBXFileReference; fileEncoding = 4; lastKnownFileType = sourcecode.c.c; lineEnding = 0; path = Test_Pairings.c; sourceTree = "<group>"; xcLanguageSpecificationIdentifier = xcode.lang.c; };
		EF1FA35B1EB185ED00814F26 /* ELiPS_KSS16_Pairings_Test.h */ = {isa = PBXFileReference; fileEncoding = 4; lastKnownFileType = sourcecode.c.h; path = ELiPS_KSS16_Pairings_Test.h; sourceTree = "<group>"; };
		EF1FA35D1EB18B9000814F26 /* Ate_Pairing.c */ = {isa = PBXFileReference; fileEncoding = 4; lastKnownFileType = sourcecode.c.c; lineEnding = 0; path = Ate_Pairing.c; sourceTree = "<group>"; xcLanguageSpecificationIdentifier = xcode.lang.c; };
		EF1FA35E1EB18B9000814F26 /* ELiPS_KSS16_Ate_Pairing.h */ = {isa = PBXFileReference; fileEncoding = 4; lastKnownFileType = sourcecode.c.h; lineEnding = 0; path = ELiPS_KSS16_Ate_Pairing.h; sourceTree = "<group>"; xcLanguageSpecificationIdentifier = xcode.lang.objcpp; };
		EF1FA3601EB18C6C00814F26 /* KSS16_Opt_Ate.c */ = {isa = PBXFileReference; fileEncoding = 4; lastKnownFileType = sourcecode.c.c; lineEnding = 0; path = KSS16_Opt_Ate.c; sourceTree = "<group>"; xcLanguageSpecificationIdentifier = xcode.lang.c; };
		EF1FA3611EB18C6C00814F26 /* ELiPS_KSS16_Opt_Ate.h */ = {isa = PBXFileReference; fileEncoding = 4; lastKnownFileType = sourcecode.c.h; path = ELiPS_KSS16_Opt_Ate.h; sourceTree = "<group>"; };
		EF1FA3631EB1959700814F26 /* KSS16_Sparse7_Line_Evaluation.c */ = {isa = PBXFileReference; fileEncoding = 4; lastKnownFileType = sourcecode.c.c; path = KSS16_Sparse7_Line_Evaluation.c; sourceTree = "<group>"; };
		EF1FA3641EB1959700814F26 /* ELiPS_KSS16_Sparse_Line_Calc.h */ = {isa = PBXFileReference; fileEncoding = 4; lastKnownFileType = sourcecode.c.h; path = ELiPS_KSS16_Sparse_Line_Calc.h; sourceTree = "<group>"; };
		EF1FA3661EB19A9E00814F26 /* KSS16_Sparse7_Miller.c */ = {isa = PBXFileReference; fileEncoding = 4; lastKnownFileType = sourcecode.c.c; path = KSS16_Sparse7_Miller.c; sourceTree = "<group>"; };
		EF1FA3671EB19A9E00814F26 /* KSS16_Sparse7_Miller.h */ = {isa = PBXFileReference; fileEncoding = 4; lastKnownFileType = sourcecode.c.h; path = KSS16_Sparse7_Miller.h; sourceTree = "<group>"; };
		EF1FA3691EB19B3700814F26 /* KSS16_Sparse7_Opt_Miller.c */ = {isa = PBXFileReference; fileEncoding = 4; lastKnownFileType = sourcecode.c.c; lineEnding = 0; path = KSS16_Sparse7_Opt_Miller.c; sourceTree = "<group>"; xcLanguageSpecificationIdentifier = xcode.lang.c; };
		EF1FA36A1EB19B3700814F26 /* KSS16_Sparse7_Opt_Miller.h */ = {isa = PBXFileReference; fileEncoding = 4; lastKnownFileType = sourcecode.c.h; path = KSS16_Sparse7_Opt_Miller.h; sourceTree = "<group>"; };
		EF1FA36C1EB19CCC00814F26 /* KSS16_Sparse7_Ate.c */ = {isa = PBXFileReference; fileEncoding = 4; lastKnownFileType = sourcecode.c.c; lineEnding = 0; path = KSS16_Sparse7_Ate.c; sourceTree = "<group>"; xcLanguageSpecificationIdentifier = xcode.lang.c; };
		EF1FA36D1EB19CCC00814F26 /* KSS16_Sparse7_Ate.h */ = {isa = PBXFileReference; fileEncoding = 4; lastKnownFileType = sourcecode.c.h; path = KSS16_Sparse7_Ate.h; sourceTree = "<group>"; };
		EF1FA36F1EB1A04700814F26 /* KSS16_Sparse7_Opt_Ate.c */ = {isa = PBXFileReference; fileEncoding = 4; lastKnownFileType = sourcecode.c.c; lineEnding = 0; path = KSS16_Sparse7_Opt_Ate.c; sourceTree = "<group>"; xcLanguageSpecificationIdentifier = xcode.lang.c; };
		EF1FA3701EB1A04700814F26 /* KSS16_Sparse7_Opt_Ate.h */ = {isa = PBXFileReference; fileEncoding = 4; lastKnownFileType = sourcecode.c.h; path = KSS16_Sparse7_Opt_Ate.h; sourceTree = "<group>"; };
		EF1FA3721EB1A23A00814F26 /* KSS16_PS_Line_Evaluation.c */ = {isa = PBXFileReference; fileEncoding = 4; lastKnownFileType = sourcecode.c.c; lineEnding = 0; path = KSS16_PS_Line_Evaluation.c; sourceTree = "<group>"; xcLanguageSpecificationIdentifier = xcode.lang.c; };
		EF1FA3731EB1A23A00814F26 /* KSS16_PS_Line_Evaluation.h */ = {isa = PBXFileReference; fileEncoding = 4; lastKnownFileType = sourcecode.c.h; path = KSS16_PS_Line_Evaluation.h; sourceTree = "<group>"; };
		EF1FA3751EB1A63800814F26 /* KSS16_PS_Miller.c */ = {isa = PBXFileReference; fileEncoding = 4; lastKnownFileType = sourcecode.c.c; path = KSS16_PS_Miller.c; sourceTree = "<group>"; };
		EF1FA3761EB1A63800814F26 /* KSS16_PS_Miller.h */ = {isa = PBXFileReference; fileEncoding = 4; lastKnownFileType = sourcecode.c.h; path = KSS16_PS_Miller.h; sourceTree = "<group>"; };
		EF1FA3781EB1A65C00814F26 /* KSS16_PS_Opt_Miller.c */ = {isa = PBXFileReference; fileEncoding = 4; lastKnownFileType = sourcecode.c.c; lineEnding = 0; path = KSS16_PS_Opt_Miller.c; sourceTree = "<group>"; xcLanguageSpecificationIdentifier = xcode.lang.c; };
		EF1FA3791EB1A65C00814F26 /* KSS16_PS_Opt_Miller.h */ = {isa = PBXFileReference; fileEncoding = 4; lastKnownFileType = sourcecode.c.h; path = KSS16_PS_Opt_Miller.h; sourceTree = "<group>"; };
		EF1FA37B1EB1A68A00814F26 /* KSS16_PS_Ate.c */ = {isa = PBXFileReference; fileEncoding = 4; lastKnownFileType = sourcecode.c.c; lineEnding = 0; path = KSS16_PS_Ate.c; sourceTree = "<group>"; xcLanguageSpecificationIdentifier = xcode.lang.c; };
		EF1FA37C1EB1A68A00814F26 /* KSS16_PS_Ate.h */ = {isa = PBXFileReference; fileEncoding = 4; lastKnownFileType = sourcecode.c.h; path = KSS16_PS_Ate.h; sourceTree = "<group>"; };
		EF1FA37E1EB1A6A900814F26 /* KSS16_PS_Opt_Ate.c */ = {isa = PBXFileReference; fileEncoding = 4; lastKnownFileType = sourcecode.c.c; lineEnding = 0; path = KSS16_PS_Opt_Ate.c; sourceTree = "<group>"; xcLanguageSpecificationIdentifier = xcode.lang.c; };
		EF1FA37F1EB1A6A900814F26 /* KSS16_PS_Opt_Ate.h */ = {isa = PBXFileReference; fileEncoding = 4; lastKnownFileType = sourcecode.c.h; path = KSS16_PS_Opt_Ate.h; sourceTree = "<group>"; };
		EF1FA3811EB1F8F800814F26 /* KSS16_init.c */ = {isa = PBXFileReference; fileEncoding = 4; lastKnownFileType = sourcecode.c.c; path = KSS16_init.c; sourceTree = "<group>"; };
		EF1FA3821EB1F8F800814F26 /* KSS16_init.h */ = {isa = PBXFileReference; fileEncoding = 4; lastKnownFileType = sourcecode.c.h; path = KSS16_init.h; sourceTree = "<group>"; };
		EF90C8CB1EB03A9B00F008F0 /* KSS16 */ = {isa = PBXFileReference; explicitFileType = "compiled.mach-o.executable"; includeInIndex = 0; path = KSS16; sourceTree = BUILT_PRODUCTS_DIR; };
		EF90C8CE1EB03A9B00F008F0 /* main.c */ = {isa = PBXFileReference; lastKnownFileType = sourcecode.c.c; lineEnding = 0; path = main.c; sourceTree = "<group>"; xcLanguageSpecificationIdentifier = xcode.lang.c; };
		EF90C8D51EB03C2100F008F0 /* libgmp.a */ = {isa = PBXFileReference; lastKnownFileType = archive.ar; path = libgmp.a; sourceTree = "<group>"; };
		EF90C8D71EB03CB800F008F0 /* config.h */ = {isa = PBXFileReference; lastKnownFileType = sourcecode.c.h; path = config.h; sourceTree = "<group>"; };
		EFA241F91EB077F300036D7D /* ELiPS_KSS16_Settings.c */ = {isa = PBXFileReference; fileEncoding = 4; lastKnownFileType = sourcecode.c.c; lineEnding = 0; path = ELiPS_KSS16_Settings.c; sourceTree = "<group>"; xcLanguageSpecificationIdentifier = xcode.lang.c; };
		EFA241FA1EB077F300036D7D /* ELiPS_KSS16_Settings.h */ = {isa = PBXFileReference; fileEncoding = 4; lastKnownFileType = sourcecode.c.h; lineEnding = 0; path = ELiPS_KSS16_Settings.h; sourceTree = "<group>"; xcLanguageSpecificationIdentifier = xcode.lang.objcpp; };
/* End PBXFileReference section */

/* Begin PBXFrameworksBuildPhase section */
		EF90C8C81EB03A9B00F008F0 /* Frameworks */ = {
			isa = PBXFrameworksBuildPhase;
			buildActionMask = 2147483647;
			files = (
				EF90C8D61EB03C2100F008F0 /* libgmp.a in Frameworks */,
			);
			runOnlyForDeploymentPostprocessing = 0;
		};
/* End PBXFrameworksBuildPhase section */

/* Begin PBXGroup section */
		EF1FA3401EB107F000814F26 /* headers */ = {
			isa = PBXGroup;
			children = (
				EF90C8D71EB03CB800F008F0 /* config.h */,
				EFA241FA1EB077F300036D7D /* ELiPS_KSS16_Settings.h */,
				EF1FA3291EB0C12800814F26 /* ELiPS_Fp.h */,
				EF1FA32B1EB0C12800814F26 /* ELiPS_Fp2.h */,
				EF1FA32D1EB0C12800814F26 /* ELiPS_Fp4.h */,
				EF1FA3321EB0CE6600814F26 /* ELiPS_Fp8.h */,
				EF1FA3351EB0CFC300814F26 /* ELiPS_Fp16.h */,
				EF1FA3381EB0D22F00814F26 /* ELiPS_EFp.h */,
				EF1FA33B1EB0ED7400814F26 /* ELiPS_EFp2.h */,
				EF1FA33E1EB0F7BD00814F26 /* ELiPS_EFp4.h */,
				EF1FA3431EB108B000814F26 /* ELiPS_EFp8.h */,
				EF1FA3461EB12E8100814F26 /* ELiPS_EFp16.h */,
				EF1FA3491EB136A500814F26 /* ELiPS_KSS16_Params.h */,
				EF1FA34C1EB1809B00814F26 /* ELiPS_KSS16_Line_Evaluation.h */,
				EF1FA34F1EB1823B00814F26 /* ELiPS_KSS16_Millers_Algo.h */,
				EF1FA3521EB182C300814F26 /* ELiPS_KSS16_Optimal_Millers_Algo.h */,
				EF1FA3551EB1847100814F26 /* ELiPS_KSS16_Final_Exp.h */,
				EF1FA3581EB1855C00814F26 /* ELiPS_KSS16_Tate_Pairing.h */,
				EF1FA35B1EB185ED00814F26 /* ELiPS_KSS16_Pairings_Test.h */,
				EF1FA35E1EB18B9000814F26 /* ELiPS_KSS16_Ate_Pairing.h */,
				EF1FA3611EB18C6C00814F26 /* ELiPS_KSS16_Opt_Ate.h */,
				EF1FA3641EB1959700814F26 /* ELiPS_KSS16_Sparse_Line_Calc.h */,
				EF1FA3671EB19A9E00814F26 /* KSS16_Sparse7_Miller.h */,
				EF1FA36A1EB19B3700814F26 /* KSS16_Sparse7_Opt_Miller.h */,
				EF1FA36D1EB19CCC00814F26 /* KSS16_Sparse7_Ate.h */,
				EF1FA36F1EB1A04700814F26 /* KSS16_Sparse7_Opt_Ate.c */,
				EF1FA3701EB1A04700814F26 /* KSS16_Sparse7_Opt_Ate.h */,
				EF1FA3751EB1A63800814F26 /* KSS16_PS_Miller.c */,
				EF1FA3761EB1A63800814F26 /* KSS16_PS_Miller.h */,
				EF1FA3781EB1A65C00814F26 /* KSS16_PS_Opt_Miller.c */,
				EF1FA3791EB1A65C00814F26 /* KSS16_PS_Opt_Miller.h */,
				EF1FA3721EB1A23A00814F26 /* KSS16_PS_Line_Evaluation.c */,
				EF1FA3731EB1A23A00814F26 /* KSS16_PS_Line_Evaluation.h */,
				EF1FA37B1EB1A68A00814F26 /* KSS16_PS_Ate.c */,
				EF1FA37C1EB1A68A00814F26 /* KSS16_PS_Ate.h */,
				EF1FA37E1EB1A6A900814F26 /* KSS16_PS_Opt_Ate.c */,
				EF1FA37F1EB1A6A900814F26 /* KSS16_PS_Opt_Ate.h */,
				EF1FA3821EB1F8F800814F26 /* KSS16_init.h */,
			);
			name = headers;
			sourceTree = "<group>";
		};
		EF1FA3411EB1080600814F26 /* src */ = {
			isa = PBXGroup;
			children = (
				EF1FA3811EB1F8F800814F26 /* KSS16_init.c */,
				EFA241F91EB077F300036D7D /* ELiPS_KSS16_Settings.c */,
				EF1FA3281EB0C12800814F26 /* ELiPS_Fp.c */,
				EF1FA32A1EB0C12800814F26 /* ELiPS_Fp2.c */,
				EF1FA32C1EB0C12800814F26 /* ELiPS_Fp4.c */,
				EF1FA3311EB0CE6600814F26 /* ELiPS_Fp8.c */,
				EF1FA3341EB0CFC300814F26 /* Fp16.c */,
				EF1FA3371EB0D22F00814F26 /* EFp.c */,
				EF1FA33A1EB0ED7400814F26 /* EFp2.c */,
				EF1FA33D1EB0F7BD00814F26 /* EFp4.c */,
				EF1FA3421EB108B000814F26 /* EFp8.c */,
				EF1FA3451EB12E8100814F26 /* EFp16.c */,
				EF1FA3481EB136A500814F26 /* KSS16_Find_Params.c */,
				EF1FA34B1EB1809B00814F26 /* Line_evaluation.c */,
				EF1FA34E1EB1823B00814F26 /* Millers_Algo.c */,
				EF1FA3511EB182C300814F26 /* KSS16_Optimal_Millers_Algo.c */,
				EF1FA3541EB1847100814F26 /* KSS16_Final_Exp.c */,
				EF1FA3571EB1855C00814F26 /* Tate_Pairing.c */,
				EF1FA35A1EB185ED00814F26 /* Test_Pairings.c */,
				EF1FA35D1EB18B9000814F26 /* Ate_Pairing.c */,
				EF1FA3601EB18C6C00814F26 /* KSS16_Opt_Ate.c */,
				EF1FA3631EB1959700814F26 /* KSS16_Sparse7_Line_Evaluation.c */,
				EF1FA3661EB19A9E00814F26 /* KSS16_Sparse7_Miller.c */,
				EF1FA3691EB19B3700814F26 /* KSS16_Sparse7_Opt_Miller.c */,
				EF1FA36C1EB19CCC00814F26 /* KSS16_Sparse7_Ate.c */,
			);
			name = src;
			sourceTree = "<group>";
		};
		EF90C8C21EB03A9B00F008F0 = {
			isa = PBXGroup;
			children = (
				EF90C8CD1EB03A9B00F008F0 /* KSS16 */,
				EF90C8CC1EB03A9B00F008F0 /* Products */,
			);
			sourceTree = "<group>";
		};
		EF90C8CC1EB03A9B00F008F0 /* Products */ = {
			isa = PBXGroup;
			children = (
				EF90C8CB1EB03A9B00F008F0 /* KSS16 */,
			);
			name = Products;
			sourceTree = "<group>";
		};
		EF90C8CD1EB03A9B00F008F0 /* KSS16 */ = {
			isa = PBXGroup;
			children = (
				EF1FA3401EB107F000814F26 /* headers */,
				EF1FA3411EB1080600814F26 /* src */,
				EF90C8D51EB03C2100F008F0 /* libgmp.a */,
				EF90C8CE1EB03A9B00F008F0 /* main.c */,
			);
			path = KSS16;
			sourceTree = "<group>";
		};
/* End PBXGroup section */

/* Begin PBXNativeTarget section */
		EF90C8CA1EB03A9B00F008F0 /* KSS16 */ = {
			isa = PBXNativeTarget;
			buildConfigurationList = EF90C8D21EB03A9B00F008F0 /* Build configuration list for PBXNativeTarget "KSS16" */;
			buildPhases = (
				EF90C8C71EB03A9B00F008F0 /* Sources */,
				EF90C8C81EB03A9B00F008F0 /* Frameworks */,
				EF90C8C91EB03A9B00F008F0 /* CopyFiles */,
			);
			buildRules = (
			);
			dependencies = (
			);
			name = KSS16;
			productName = KSS16;
			productReference = EF90C8CB1EB03A9B00F008F0 /* KSS16 */;
			productType = "com.apple.product-type.tool";
		};
/* End PBXNativeTarget section */

/* Begin PBXProject section */
		EF90C8C31EB03A9B00F008F0 /* Project object */ = {
			isa = PBXProject;
			attributes = {
				LastUpgradeCheck = 0830;
				ORGANIZATIONNAME = "Khandaker Md. Al-Amin";
				TargetAttributes = {
					EF90C8CA1EB03A9B00F008F0 = {
						CreatedOnToolsVersion = 8.3;
						DevelopmentTeam = 83XHM8TH3F;
						ProvisioningStyle = Automatic;
					};
				};
			};
			buildConfigurationList = EF90C8C61EB03A9B00F008F0 /* Build configuration list for PBXProject "KSS16" */;
			compatibilityVersion = "Xcode 3.2";
			developmentRegion = English;
			hasScannedForEncodings = 0;
			knownRegions = (
				en,
			);
			mainGroup = EF90C8C21EB03A9B00F008F0;
			productRefGroup = EF90C8CC1EB03A9B00F008F0 /* Products */;
			projectDirPath = "";
			projectRoot = "";
			targets = (
				EF90C8CA1EB03A9B00F008F0 /* KSS16 */,
			);
		};
/* End PBXProject section */

/* Begin PBXSourcesBuildPhase section */
		EF90C8C71EB03A9B00F008F0 /* Sources */ = {
			isa = PBXSourcesBuildPhase;
			buildActionMask = 2147483647;
			files = (
				EF1FA3591EB1855C00814F26 /* Tate_Pairing.c in Sources */,
				EF1FA3681EB19A9E00814F26 /* KSS16_Sparse7_Miller.c in Sources */,
				EF1FA33F1EB0F7BD00814F26 /* EFp4.c in Sources */,
				EF1FA3361EB0CFC300814F26 /* Fp16.c in Sources */,
				EF1FA3501EB1823B00814F26 /* Millers_Algo.c in Sources */,
				EF1FA3391EB0D22F00814F26 /* EFp.c in Sources */,
				EF1FA3331EB0CE6600814F26 /* ELiPS_Fp8.c in Sources */,
				EF1FA35C1EB185ED00814F26 /* Test_Pairings.c in Sources */,
				EF1FA3831EB1F8F800814F26 /* KSS16_init.c in Sources */,
				EF1FA3301EB0C12800814F26 /* ELiPS_Fp4.c in Sources */,
				EF1FA3531EB182C300814F26 /* KSS16_Optimal_Millers_Algo.c in Sources */,
				EF1FA37D1EB1A68A00814F26 /* KSS16_PS_Ate.c in Sources */,
				EF1FA35F1EB18B9000814F26 /* Ate_Pairing.c in Sources */,
				EF1FA3651EB1959700814F26 /* KSS16_Sparse7_Line_Evaluation.c in Sources */,
				EF1FA37A1EB1A65C00814F26 /* KSS16_PS_Opt_Miller.c in Sources */,
				EF1FA3771EB1A63800814F26 /* KSS16_PS_Miller.c in Sources */,
				EFA241FB1EB077F300036D7D /* ELiPS_KSS16_Settings.c in Sources */,
				EF1FA3711EB1A04700814F26 /* KSS16_Sparse7_Opt_Ate.c in Sources */,
				EF1FA36B1EB19B3700814F26 /* KSS16_Sparse7_Opt_Miller.c in Sources */,
				EF1FA3471EB12E8100814F26 /* EFp16.c in Sources */,
				EF1FA3441EB108B000814F26 /* EFp8.c in Sources */,
				EF1FA3741EB1A23A00814F26 /* KSS16_PS_Line_Evaluation.c in Sources */,
				EF1FA32E1EB0C12800814F26 /* ELiPS_Fp.c in Sources */,
				EF1FA32F1EB0C12800814F26 /* ELiPS_Fp2.c in Sources */,
				EF1FA34A1EB136A500814F26 /* KSS16_Find_Params.c in Sources */,
				EF1FA3621EB18C6C00814F26 /* KSS16_Opt_Ate.c in Sources */,
				EF1FA3801EB1A6A900814F26 /* KSS16_PS_Opt_Ate.c in Sources */,
				EF1FA3561EB1847100814F26 /* KSS16_Final_Exp.c in Sources */,
				EF90C8CF1EB03A9B00F008F0 /* main.c in Sources */,
				EF1FA36E1EB19CCC00814F26 /* KSS16_Sparse7_Ate.c in Sources */,
				EF1FA33C1EB0ED7400814F26 /* EFp2.c in Sources */,
				EF1FA34D1EB1809B00814F26 /* Line_evaluation.c in Sources */,
			);
			runOnlyForDeploymentPostprocessing = 0;
		};
/* End PBXSourcesBuildPhase section */

/* Begin XCBuildConfiguration section */
		EF90C8D01EB03A9B00F008F0 /* Debug */ = {
			isa = XCBuildConfiguration;
			buildSettings = {
				ALWAYS_SEARCH_USER_PATHS = NO;
				CLANG_ANALYZER_NONNULL = YES;
				CLANG_ANALYZER_NUMBER_OBJECT_CONVERSION = YES_AGGRESSIVE;
				CLANG_CXX_LANGUAGE_STANDARD = "gnu++0x";
				CLANG_CXX_LIBRARY = "libc++";
				CLANG_ENABLE_MODULES = YES;
				CLANG_ENABLE_OBJC_ARC = YES;
				CLANG_WARN_BOOL_CONVERSION = YES;
				CLANG_WARN_CONSTANT_CONVERSION = YES;
				CLANG_WARN_DIRECT_OBJC_ISA_USAGE = YES_ERROR;
				CLANG_WARN_DOCUMENTATION_COMMENTS = YES;
				CLANG_WARN_EMPTY_BODY = YES;
				CLANG_WARN_ENUM_CONVERSION = YES;
				CLANG_WARN_INFINITE_RECURSION = YES;
				CLANG_WARN_INT_CONVERSION = YES;
				CLANG_WARN_OBJC_ROOT_CLASS = YES_ERROR;
				CLANG_WARN_SUSPICIOUS_MOVE = YES;
				CLANG_WARN_UNREACHABLE_CODE = YES;
				CLANG_WARN__DUPLICATE_METHOD_MATCH = YES;
				CODE_SIGN_IDENTITY = "-";
				COPY_PHASE_STRIP = NO;
				DEBUG_INFORMATION_FORMAT = dwarf;
				ENABLE_STRICT_OBJC_MSGSEND = YES;
				ENABLE_TESTABILITY = YES;
				GCC_C_LANGUAGE_STANDARD = gnu99;
				GCC_DYNAMIC_NO_PIC = NO;
				GCC_NO_COMMON_BLOCKS = YES;
				GCC_OPTIMIZATION_LEVEL = 0;
				GCC_PREPROCESSOR_DEFINITIONS = (
					"DEBUG=1",
					"$(inherited)",
				);
				GCC_WARN_64_TO_32_BIT_CONVERSION = YES;
				GCC_WARN_ABOUT_RETURN_TYPE = YES_ERROR;
				GCC_WARN_UNDECLARED_SELECTOR = YES;
				GCC_WARN_UNINITIALIZED_AUTOS = YES_AGGRESSIVE;
				GCC_WARN_UNUSED_FUNCTION = YES;
				GCC_WARN_UNUSED_VARIABLE = YES;
				MACOSX_DEPLOYMENT_TARGET = 10.12;
				MTL_ENABLE_DEBUG_INFO = YES;
				ONLY_ACTIVE_ARCH = YES;
				SDKROOT = macosx;
			};
			name = Debug;
		};
		EF90C8D11EB03A9B00F008F0 /* Release */ = {
			isa = XCBuildConfiguration;
			buildSettings = {
				ALWAYS_SEARCH_USER_PATHS = NO;
				CLANG_ANALYZER_NONNULL = YES;
				CLANG_ANALYZER_NUMBER_OBJECT_CONVERSION = YES_AGGRESSIVE;
				CLANG_CXX_LANGUAGE_STANDARD = "gnu++0x";
				CLANG_CXX_LIBRARY = "libc++";
				CLANG_ENABLE_MODULES = YES;
				CLANG_ENABLE_OBJC_ARC = YES;
				CLANG_WARN_BOOL_CONVERSION = YES;
				CLANG_WARN_CONSTANT_CONVERSION = YES;
				CLANG_WARN_DIRECT_OBJC_ISA_USAGE = YES_ERROR;
				CLANG_WARN_DOCUMENTATION_COMMENTS = YES;
				CLANG_WARN_EMPTY_BODY = YES;
				CLANG_WARN_ENUM_CONVERSION = YES;
				CLANG_WARN_INFINITE_RECURSION = YES;
				CLANG_WARN_INT_CONVERSION = YES;
				CLANG_WARN_OBJC_ROOT_CLASS = YES_ERROR;
				CLANG_WARN_SUSPICIOUS_MOVE = YES;
				CLANG_WARN_UNREACHABLE_CODE = YES;
				CLANG_WARN__DUPLICATE_METHOD_MATCH = YES;
				CODE_SIGN_IDENTITY = "-";
				COPY_PHASE_STRIP = NO;
				DEBUG_INFORMATION_FORMAT = "dwarf-with-dsym";
				ENABLE_NS_ASSERTIONS = NO;
				ENABLE_STRICT_OBJC_MSGSEND = YES;
				GCC_C_LANGUAGE_STANDARD = gnu99;
				GCC_NO_COMMON_BLOCKS = YES;
				GCC_WARN_64_TO_32_BIT_CONVERSION = YES;
				GCC_WARN_ABOUT_RETURN_TYPE = YES_ERROR;
				GCC_WARN_UNDECLARED_SELECTOR = YES;
				GCC_WARN_UNINITIALIZED_AUTOS = YES_AGGRESSIVE;
				GCC_WARN_UNUSED_FUNCTION = YES;
				GCC_WARN_UNUSED_VARIABLE = YES;
				MACOSX_DEPLOYMENT_TARGET = 10.12;
				MTL_ENABLE_DEBUG_INFO = NO;
				SDKROOT = macosx;
			};
			name = Release;
		};
		EF90C8D31EB03A9B00F008F0 /* Debug */ = {
			isa = XCBuildConfiguration;
			buildSettings = {
				DEVELOPMENT_TEAM = 83XHM8TH3F;
				HEADER_SEARCH_PATHS = /usr/local/include/;
				LD_NO_PIE = YES;
				LIBRARY_SEARCH_PATHS = (
					"$(inherited)",
					"$(PROJECT_DIR)/KSS16",
				);
				PRODUCT_NAME = "$(TARGET_NAME)";
			};
			name = Debug;
		};
		EF90C8D41EB03A9B00F008F0 /* Release */ = {
			isa = XCBuildConfiguration;
			buildSettings = {
				DEVELOPMENT_TEAM = 83XHM8TH3F;
				HEADER_SEARCH_PATHS = /usr/local/include/;
				LD_NO_PIE = YES;
				LIBRARY_SEARCH_PATHS = (
					"$(inherited)",
					"$(PROJECT_DIR)/KSS16",
				);
				PRODUCT_NAME = "$(TARGET_NAME)";
			};
			name = Release;
		};
/* End XCBuildConfiguration section */

/* Begin XCConfigurationList section */
		EF90C8C61EB03A9B00F008F0 /* Build configuration list for PBXProject "KSS16" */ = {
			isa = XCConfigurationList;
			buildConfigurations = (
				EF90C8D01EB03A9B00F008F0 /* Debug */,
				EF90C8D11EB03A9B00F008F0 /* Release */,
			);
			defaultConfigurationIsVisible = 0;
			defaultConfigurationName = Release;
		};
		EF90C8D21EB03A9B00F008F0 /* Build configuration list for PBXNativeTarget "KSS16" */ = {
			isa = XCConfigurationList;
			buildConfigurations = (
				EF90C8D31EB03A9B00F008F0 /* Debug */,
				EF90C8D41EB03A9B00F008F0 /* Release */,
			);
			defaultConfigurationIsVisible = 0;
			defaultConfigurationName = Release;
		};
/* End XCConfigurationList section */
	};
	rootObject = EF90C8C31EB03A9B00F008F0 /* Project object */;
}
